
Microsoft Visual Studio Solution File, Format Version 12.00
Project("{FAE04EC0-301F-11D3-BF4B-00C04F79EFBC}") = "DataAccess", "DataAccess\DataAccess.csproj", "{9BC51C75-0422-4262-9895-30E545AFFC60}"
EndProject
Project("{FAE04EC0-301F-11D3-BF4B-00C04F79EFBC}") = "Business", "Business\Business.csproj", "{42571A89-73F1-46F6-815F-599C9F954ED2}"
EndProject
Project("{FAE04EC0-301F-11D3-BF4B-00C04F79EFBC}") = "Entities", "Entities\Entities.csproj", "{16C4DB12-D43B-4DD4-86E6-625B017B199B}"
EndProject
Project("{FAE04EC0-301F-11D3-BF4B-00C04F79EFBC}") = "ConsoleUI", "ConsoleUI\ConsoleUI.csproj", "{4733F326-F4FE-4BD3-9227-27C68516718A}"
EndProject
Project("{FAE04EC0-301F-11D3-BF4B-00C04F79EFBC}") = "Core", "Core\Core.csproj", "{EBE2FA6B-4B2D-4796-8FA5-A49B47223126}"
EndProject
Project("{FAE04EC0-301F-11D3-BF4B-00C04F79EFBC}") = "WebAPI", "WebAPI\WebAPI.csproj", "{ADBB5EE3-5F93-4E52-84D1-A300D8C4EBDA}"
EndProject
Global
	GlobalSection(SolutionConfigurationPlatforms) = preSolution
		Debug|Any CPU = Debug|Any CPU
		Release|Any CPU = Release|Any CPU
	EndGlobalSection
	GlobalSection(ProjectConfigurationPlatforms) = postSolution
		{9BC51C75-0422-4262-9895-30E545AFFC60}.Debug|Any CPU.ActiveCfg = Debug|Any CPU
		{9BC51C75-0422-4262-9895-30E545AFFC60}.Debug|Any CPU.Build.0 = Debug|Any CPU
		{9BC51C75-0422-4262-9895-30E545AFFC60}.Release|Any CPU.ActiveCfg = Release|Any CPU
		{9BC51C75-0422-4262-9895-30E545AFFC60}.Release|Any CPU.Build.0 = Release|Any CPU
		{42571A89-73F1-46F6-815F-599C9F954ED2}.Debug|Any CPU.ActiveCfg = Debug|Any CPU
		{42571A89-73F1-46F6-815F-599C9F954ED2}.Debug|Any CPU.Build.0 = Debug|Any CPU
		{42571A89-73F1-46F6-815F-599C9F954ED2}.Release|Any CPU.ActiveCfg = Release|Any CPU
		{42571A89-73F1-46F6-815F-599C9F954ED2}.Release|Any CPU.Build.0 = Release|Any CPU
		{16C4DB12-D43B-4DD4-86E6-625B017B199B}.Debug|Any CPU.ActiveCfg = Debug|Any CPU
		{16C4DB12-D43B-4DD4-86E6-625B017B199B}.Debug|Any CPU.Build.0 = Debug|Any CPU
		{16C4DB12-D43B-4DD4-86E6-625B017B199B}.Release|Any CPU.ActiveCfg = Release|Any CPU
		{16C4DB12-D43B-4DD4-86E6-625B017B199B}.Release|Any CPU.Build.0 = Release|Any CPU
		{4733F326-F4FE-4BD3-9227-27C68516718A}.Debug|Any CPU.ActiveCfg = Debug|Any CPU
		{4733F326-F4FE-4BD3-9227-27C68516718A}.Debug|Any CPU.Build.0 = Debug|Any CPU
		{4733F326-F4FE-4BD3-9227-27C68516718A}.Release|Any CPU.ActiveCfg = Release|Any CPU
		{4733F326-F4FE-4BD3-9227-27C68516718A}.Release|Any CPU.Build.0 = Release|Any CPU
		{EBE2FA6B-4B2D-4796-8FA5-A49B47223126}.Debug|Any CPU.ActiveCfg = Debug|Any CPU
		{EBE2FA6B-4B2D-4796-8FA5-A49B47223126}.Debug|Any CPU.Build.0 = Debug|Any CPU
		{EBE2FA6B-4B2D-4796-8FA5-A49B47223126}.Release|Any CPU.ActiveCfg = Release|Any CPU
		{EBE2FA6B-4B2D-4796-8FA5-A49B47223126}.Release|Any CPU.Build.0 = Release|Any CPU
		{ADBB5EE3-5F93-4E52-84D1-A300D8C4EBDA}.Debug|Any CPU.ActiveCfg = Debug|Any CPU
		{ADBB5EE3-5F93-4E52-84D1-A300D8C4EBDA}.Debug|Any CPU.Build.0 = Debug|Any CPU
		{ADBB5EE3-5F93-4E52-84D1-A300D8C4EBDA}.Release|Any CPU.ActiveCfg = Release|Any CPU
		{ADBB5EE3-5F93-4E52-84D1-A300D8C4EBDA}.Release|Any CPU.Build.0 = Release|Any CPU
	EndGlobalSection
EndGlobal
